// !$*UTF8*$!
{
	archiveVersion = 1;
	classes = {
	};
	objectVersion = 46;
	objects = {

/* Begin PBXBuildFile section */
		C966904870946013941E4C7E /* libPods-pippopactivities.a in Frameworks */ = {isa = PBXBuildFile; fileRef = B5EDB99B5CEBD63314F2E55F /* libPods-pippopactivities.a */; };
		D51B41431B1EEEDD003760DA /* MenuController.swift in Sources */ = {isa = PBXBuildFile; fileRef = D51B41421B1EEEDD003760DA /* MenuController.swift */; };
		D51B41471B1F0055003760DA /* Utility.swift in Sources */ = {isa = PBXBuildFile; fileRef = D51B41461B1F0055003760DA /* Utility.swift */; };
		D55FA0741B1B4F0B00984662 /* ActivityShowController.swift in Sources */ = {isa = PBXBuildFile; fileRef = D55FA0731B1B4F0B00984662 /* ActivityShowController.swift */; };
		D55FA0761B1B526400984662 /* GalleryCreateController.swift in Sources */ = {isa = PBXBuildFile; fileRef = D55FA0751B1B526400984662 /* GalleryCreateController.swift */; };
		D55FA0781B1B52AF00984662 /* GalleryIndexController.swift in Sources */ = {isa = PBXBuildFile; fileRef = D55FA0771B1B52AF00984662 /* GalleryIndexController.swift */; };
		D55FA07A1B1B6B3800984662 /* ContentViewController.swift in Sources */ = {isa = PBXBuildFile; fileRef = D55FA0791B1B6B3800984662 /* ContentViewController.swift */; };
		D55FA07C1B1BB6BE00984662 /* LoginController.swift in Sources */ = {isa = PBXBuildFile; fileRef = D55FA07B1B1BB6BE00984662 /* LoginController.swift */; };
		D55FA07F1B1C742000984662 /* GalleryCell.swift in Sources */ = {isa = PBXBuildFile; fileRef = D55FA07E1B1C742000984662 /* GalleryCell.swift */; };
		D55FA0811B1C769F00984662 /* ImageLoader.swift in Sources */ = {isa = PBXBuildFile; fileRef = D55FA0801B1C769F00984662 /* ImageLoader.swift */; };
		D5BABF241B1E139E00C5DC9D /* Main.storyboard in Resources */ = {isa = PBXBuildFile; fileRef = D5BABF231B1E139E00C5DC9D /* Main.storyboard */; };
		D5E181FE1B1D967300FBEAEA /* Constants.swift in Sources */ = {isa = PBXBuildFile; fileRef = D5E181FD1B1D967300FBEAEA /* Constants.swift */; };
		D5E8EBDB1B1B364A00659ABE /* AppDelegate.swift in Sources */ = {isa = PBXBuildFile; fileRef = D5E8EBDA1B1B364A00659ABE /* AppDelegate.swift */; };
		D5E8EBDD1B1B364A00659ABE /* ActivitesViewController.swift in Sources */ = {isa = PBXBuildFile; fileRef = D5E8EBDC1B1B364A00659ABE /* ActivitesViewController.swift */; };
		D5E8EBE21B1B364A00659ABE /* Images.xcassets in Resources */ = {isa = PBXBuildFile; fileRef = D5E8EBE11B1B364A00659ABE /* Images.xcassets */; };
		D5E8EBE51B1B364A00659ABE /* LaunchScreen.xib in Resources */ = {isa = PBXBuildFile; fileRef = D5E8EBE31B1B364A00659ABE /* LaunchScreen.xib */; };
		D5E8EBF11B1B364A00659ABE /* pippopactivitiesTests.swift in Sources */ = {isa = PBXBuildFile; fileRef = D5E8EBF01B1B364A00659ABE /* pippopactivitiesTests.swift */; };
		D5E8EBFB1B1B38DA00659ABE /* ActivityCell.swift in Sources */ = {isa = PBXBuildFile; fileRef = D5E8EBFA1B1B38DA00659ABE /* ActivityCell.swift */; };
/* End PBXBuildFile section */

/* Begin PBXContainerItemProxy section */
		D5E8EBEB1B1B364A00659ABE /* PBXContainerItemProxy */ = {
			isa = PBXContainerItemProxy;
			containerPortal = D5E8EBCD1B1B364A00659ABE /* Project object */;
			proxyType = 1;
			remoteGlobalIDString = D5E8EBD41B1B364A00659ABE;
			remoteInfo = pippopactivities;
		};
/* End PBXContainerItemProxy section */

/* Begin PBXFileReference section */
		25086F074BEEE4175C100D07 /* Pods-pippopactivities.release.xcconfig */ = {isa = PBXFileReference; includeInIndex = 1; lastKnownFileType = text.xcconfig; name = "Pods-pippopactivities.release.xcconfig"; path = "Pods/Target Support Files/Pods-pippopactivities/Pods-pippopactivities.release.xcconfig"; sourceTree = "<group>"; };
		B5EDB99B5CEBD63314F2E55F /* libPods-pippopactivities.a */ = {isa = PBXFileReference; explicitFileType = archive.ar; includeInIndex = 0; path = "libPods-pippopactivities.a"; sourceTree = BUILT_PRODUCTS_DIR; };
		B90EA09617C7D6D574954F8B /* Pods-pippopactivities.debug.xcconfig */ = {isa = PBXFileReference; includeInIndex = 1; lastKnownFileType = text.xcconfig; name = "Pods-pippopactivities.debug.xcconfig"; path = "Pods/Target Support Files/Pods-pippopactivities/Pods-pippopactivities.debug.xcconfig"; sourceTree = "<group>"; };
		D51B41421B1EEEDD003760DA /* MenuController.swift */ = {isa = PBXFileReference; fileEncoding = 4; lastKnownFileType = sourcecode.swift; path = MenuController.swift; sourceTree = "<group>"; };
		D51B41461B1F0055003760DA /* Utility.swift */ = {isa = PBXFileReference; fileEncoding = 4; lastKnownFileType = sourcecode.swift; path = Utility.swift; sourceTree = "<group>"; };
		D55FA0731B1B4F0B00984662 /* ActivityShowController.swift */ = {isa = PBXFileReference; fileEncoding = 4; lastKnownFileType = sourcecode.swift; path = ActivityShowController.swift; sourceTree = "<group>"; };
		D55FA0751B1B526400984662 /* GalleryCreateController.swift */ = {isa = PBXFileReference; fileEncoding = 4; lastKnownFileType = sourcecode.swift; path = GalleryCreateController.swift; sourceTree = "<group>"; };
		D55FA0771B1B52AF00984662 /* GalleryIndexController.swift */ = {isa = PBXFileReference; fileEncoding = 4; lastKnownFileType = sourcecode.swift; path = GalleryIndexController.swift; sourceTree = "<group>"; };
		D55FA0791B1B6B3800984662 /* ContentViewController.swift */ = {isa = PBXFileReference; fileEncoding = 4; lastKnownFileType = sourcecode.swift; path = ContentViewController.swift; sourceTree = "<group>"; };
		D55FA07B1B1BB6BE00984662 /* LoginController.swift */ = {isa = PBXFileReference; fileEncoding = 4; lastKnownFileType = sourcecode.swift; path = LoginController.swift; sourceTree = "<group>"; };
		D55FA07E1B1C742000984662 /* GalleryCell.swift */ = {isa = PBXFileReference; fileEncoding = 4; lastKnownFileType = sourcecode.swift; path = GalleryCell.swift; sourceTree = "<group>"; };
		D55FA0801B1C769F00984662 /* ImageLoader.swift */ = {isa = PBXFileReference; fileEncoding = 4; lastKnownFileType = sourcecode.swift; path = ImageLoader.swift; sourceTree = "<group>"; };
		D55FA0821B1CED0000984662 /* s3-Bridging-Header.h */ = {isa = PBXFileReference; lastKnownFileType = sourcecode.c.h; path = "s3-Bridging-Header.h"; sourceTree = "<group>"; };
		D5BABF231B1E139E00C5DC9D /* Main.storyboard */ = {isa = PBXFileReference; fileEncoding = 4; lastKnownFileType = file.storyboard; path = Main.storyboard; sourceTree = "<group>"; };
		D5E181FD1B1D967300FBEAEA /* Constants.swift */ = {isa = PBXFileReference; fileEncoding = 4; lastKnownFileType = sourcecode.swift; path = Constants.swift; sourceTree = "<group>"; };
		D5E8EBD51B1B364A00659ABE /* pippopactivities.app */ = {isa = PBXFileReference; explicitFileType = wrapper.application; includeInIndex = 0; path = pippopactivities.app; sourceTree = BUILT_PRODUCTS_DIR; };
		D5E8EBD91B1B364A00659ABE /* Info.plist */ = {isa = PBXFileReference; lastKnownFileType = text.plist.xml; path = Info.plist; sourceTree = "<group>"; };
		D5E8EBDA1B1B364A00659ABE /* AppDelegate.swift */ = {isa = PBXFileReference; lastKnownFileType = sourcecode.swift; path = AppDelegate.swift; sourceTree = "<group>"; };
		D5E8EBDC1B1B364A00659ABE /* ActivitesViewController.swift */ = {isa = PBXFileReference; lastKnownFileType = sourcecode.swift; path = ActivitesViewController.swift; sourceTree = "<group>"; };
		D5E8EBE11B1B364A00659ABE /* Images.xcassets */ = {isa = PBXFileReference; lastKnownFileType = folder.assetcatalog; path = Images.xcassets; sourceTree = "<group>"; };
		D5E8EBE41B1B364A00659ABE /* Base */ = {isa = PBXFileReference; lastKnownFileType = file.xib; name = Base; path = Base.lproj/LaunchScreen.xib; sourceTree = "<group>"; };
		D5E8EBEA1B1B364A00659ABE /* pippopactivitiesTests.xctest */ = {isa = PBXFileReference; explicitFileType = wrapper.cfbundle; includeInIndex = 0; path = pippopactivitiesTests.xctest; sourceTree = BUILT_PRODUCTS_DIR; };
		D5E8EBEF1B1B364A00659ABE /* Info.plist */ = {isa = PBXFileReference; lastKnownFileType = text.plist.xml; path = Info.plist; sourceTree = "<group>"; };
		D5E8EBF01B1B364A00659ABE /* pippopactivitiesTests.swift */ = {isa = PBXFileReference; lastKnownFileType = sourcecode.swift; path = pippopactivitiesTests.swift; sourceTree = "<group>"; };
		D5E8EBFA1B1B38DA00659ABE /* ActivityCell.swift */ = {isa = PBXFileReference; fileEncoding = 4; lastKnownFileType = sourcecode.swift; path = ActivityCell.swift; sourceTree = "<group>"; };
/* End PBXFileReference section */

/* Begin PBXFrameworksBuildPhase section */
		D5E8EBD21B1B364A00659ABE /* Frameworks */ = {
			isa = PBXFrameworksBuildPhase;
			buildActionMask = 2147483647;
			files = (
				C966904870946013941E4C7E /* libPods-pippopactivities.a in Frameworks */,
			);
			runOnlyForDeploymentPostprocessing = 0;
		};
		D5E8EBE71B1B364A00659ABE /* Frameworks */ = {
			isa = PBXFrameworksBuildPhase;
			buildActionMask = 2147483647;
			files = (
			);
			runOnlyForDeploymentPostprocessing = 0;
		};
/* End PBXFrameworksBuildPhase section */

/* Begin PBXGroup section */
		B8D32D85BA5F030E3AAADAED /* Frameworks */ = {
			isa = PBXGroup;
			children = (
				B5EDB99B5CEBD63314F2E55F /* libPods-pippopactivities.a */,
			);
			name = Frameworks;
			sourceTree = "<group>";
		};
		D5E8EBCC1B1B364A00659ABE = {
			isa = PBXGroup;
			children = (
				D5E8EBD71B1B364A00659ABE /* pippopactivities */,
				D5E8EBED1B1B364A00659ABE /* pippopactivitiesTests */,
				D5E8EBD61B1B364A00659ABE /* Products */,
				E2477B42AA6DF23E4DD80AD1 /* Pods */,
				B8D32D85BA5F030E3AAADAED /* Frameworks */,
			);
			sourceTree = "<group>";
		};
		D5E8EBD61B1B364A00659ABE /* Products */ = {
			isa = PBXGroup;
			children = (
				D5E8EBD51B1B364A00659ABE /* pippopactivities.app */,
				D5E8EBEA1B1B364A00659ABE /* pippopactivitiesTests.xctest */,
			);
			name = Products;
			sourceTree = "<group>";
		};
		D5E8EBD71B1B364A00659ABE /* pippopactivities */ = {
			isa = PBXGroup;
			children = (
				D51B41461B1F0055003760DA /* Utility.swift */,
				D5E8EBDA1B1B364A00659ABE /* AppDelegate.swift */,
				D5E181FD1B1D967300FBEAEA /* Constants.swift */,
				D5BABF231B1E139E00C5DC9D /* Main.storyboard */,
				D51B41421B1EEEDD003760DA /* MenuController.swift */,
				D55FA0821B1CED0000984662 /* s3-Bridging-Header.h */,
				D5E8EBDC1B1B364A00659ABE /* ActivitesViewController.swift */,
				D55FA0731B1B4F0B00984662 /* ActivityShowController.swift */,
				D55FA0791B1B6B3800984662 /* ContentViewController.swift */,
				D5E8EBFA1B1B38DA00659ABE /* ActivityCell.swift */,
				D55FA07B1B1BB6BE00984662 /* LoginController.swift */,
				D55FA07E1B1C742000984662 /* GalleryCell.swift */,
				D55FA0751B1B526400984662 /* GalleryCreateController.swift */,
				D55FA0771B1B52AF00984662 /* GalleryIndexController.swift */,
				D55FA0801B1C769F00984662 /* ImageLoader.swift */,
				D5E8EBE11B1B364A00659ABE /* Images.xcassets */,
				D5E8EBE31B1B364A00659ABE /* LaunchScreen.xib */,
				D5E8EBD81B1B364A00659ABE /* Supporting Files */,
			);
			path = pippopactivities;
			sourceTree = "<group>";
		};
		D5E8EBD81B1B364A00659ABE /* Supporting Files */ = {
			isa = PBXGroup;
			children = (
				D5E8EBD91B1B364A00659ABE /* Info.plist */,
			);
			name = "Supporting Files";
			sourceTree = "<group>";
		};
		D5E8EBED1B1B364A00659ABE /* pippopactivitiesTests */ = {
			isa = PBXGroup;
			children = (
				D5E8EBF01B1B364A00659ABE /* pippopactivitiesTests.swift */,
				D5E8EBEE1B1B364A00659ABE /* Supporting Files */,
			);
			path = pippopactivitiesTests;
			sourceTree = "<group>";
		};
		D5E8EBEE1B1B364A00659ABE /* Supporting Files */ = {
			isa = PBXGroup;
			children = (
				D5E8EBEF1B1B364A00659ABE /* Info.plist */,
			);
			name = "Supporting Files";
			sourceTree = "<group>";
		};
		E2477B42AA6DF23E4DD80AD1 /* Pods */ = {
			isa = PBXGroup;
			children = (
				B90EA09617C7D6D574954F8B /* Pods-pippopactivities.debug.xcconfig */,
				25086F074BEEE4175C100D07 /* Pods-pippopactivities.release.xcconfig */,
			);
			name = Pods;
			sourceTree = "<group>";
		};
/* End PBXGroup section */

/* Begin PBXNativeTarget section */
		D5E8EBD41B1B364A00659ABE /* pippopactivities */ = {
			isa = PBXNativeTarget;
			buildConfigurationList = D5E8EBF41B1B364A00659ABE /* Build configuration list for PBXNativeTarget "pippopactivities" */;
			buildPhases = (
				DD09A8645D26C0019BF5B42F /* Check Pods Manifest.lock */,
				D5E8EBD11B1B364A00659ABE /* Sources */,
				D5E8EBD21B1B364A00659ABE /* Frameworks */,
				D5E8EBD31B1B364A00659ABE /* Resources */,
				DBE52A119B7897403B95BB47 /* Copy Pods Resources */,
			);
			buildRules = (
			);
			dependencies = (
			);
			name = pippopactivities;
			productName = pippopactivities;
			productReference = D5E8EBD51B1B364A00659ABE /* pippopactivities.app */;
			productType = "com.apple.product-type.application";
		};
		D5E8EBE91B1B364A00659ABE /* pippopactivitiesTests */ = {
			isa = PBXNativeTarget;
			buildConfigurationList = D5E8EBF71B1B364A00659ABE /* Build configuration list for PBXNativeTarget "pippopactivitiesTests" */;
			buildPhases = (
				D5E8EBE61B1B364A00659ABE /* Sources */,
				D5E8EBE71B1B364A00659ABE /* Frameworks */,
				D5E8EBE81B1B364A00659ABE /* Resources */,
			);
			buildRules = (
			);
			dependencies = (
				D5E8EBEC1B1B364A00659ABE /* PBXTargetDependency */,
			);
			name = pippopactivitiesTests;
			productName = pippopactivitiesTests;
			productReference = D5E8EBEA1B1B364A00659ABE /* pippopactivitiesTests.xctest */;
			productType = "com.apple.product-type.bundle.unit-test";
		};
/* End PBXNativeTarget section */

/* Begin PBXProject section */
		D5E8EBCD1B1B364A00659ABE /* Project object */ = {
			isa = PBXProject;
			attributes = {
				LastUpgradeCheck = 0630;
				ORGANIZATIONNAME = "Alex Thompson";
				TargetAttributes = {
					D5E8EBD41B1B364A00659ABE = {
						CreatedOnToolsVersion = 6.3.2;
					};
					D5E8EBE91B1B364A00659ABE = {
						CreatedOnToolsVersion = 6.3.2;
						TestTargetID = D5E8EBD41B1B364A00659ABE;
					};
				};
			};
			buildConfigurationList = D5E8EBD01B1B364A00659ABE /* Build configuration list for PBXProject "pippopactivities" */;
			compatibilityVersion = "Xcode 3.2";
			developmentRegion = English;
			hasScannedForEncodings = 0;
			knownRegions = (
				en,
				Base,
			);
			mainGroup = D5E8EBCC1B1B364A00659ABE;
			productRefGroup = D5E8EBD61B1B364A00659ABE /* Products */;
			projectDirPath = "";
			projectRoot = "";
			targets = (
				D5E8EBD41B1B364A00659ABE /* pippopactivities */,
				D5E8EBE91B1B364A00659ABE /* pippopactivitiesTests */,
			);
		};
/* End PBXProject section */

/* Begin PBXResourcesBuildPhase section */
		D5E8EBD31B1B364A00659ABE /* Resources */ = {
			isa = PBXResourcesBuildPhase;
			buildActionMask = 2147483647;
			files = (
				D5BABF241B1E139E00C5DC9D /* Main.storyboard in Resources */,
				D5E8EBE51B1B364A00659ABE /* LaunchScreen.xib in Resources */,
				D5E8EBE21B1B364A00659ABE /* Images.xcassets in Resources */,
			);
			runOnlyForDeploymentPostprocessing = 0;
		};
		D5E8EBE81B1B364A00659ABE /* Resources */ = {
			isa = PBXResourcesBuildPhase;
			buildActionMask = 2147483647;
			files = (
			);
			runOnlyForDeploymentPostprocessing = 0;
		};
/* End PBXResourcesBuildPhase section */

/* Begin PBXShellScriptBuildPhase section */
		DBE52A119B7897403B95BB47 /* Copy Pods Resources */ = {
			isa = PBXShellScriptBuildPhase;
			buildActionMask = 2147483647;
			files = (
			);
			inputPaths = (
			);
			name = "Copy Pods Resources";
			outputPaths = (
			);
			runOnlyForDeploymentPostprocessing = 0;
			shellPath = /bin/sh;
			shellScript = "\"${SRCROOT}/Pods/Target Support Files/Pods-pippopactivities/Pods-pippopactivities-resources.sh\"\n";
			showEnvVarsInLog = 0;
		};
		DD09A8645D26C0019BF5B42F /* Check Pods Manifest.lock */ = {
			isa = PBXShellScriptBuildPhase;
			buildActionMask = 2147483647;
			files = (
			);
			inputPaths = (
			);
			name = "Check Pods Manifest.lock";
			outputPaths = (
			);
			runOnlyForDeploymentPostprocessing = 0;
			shellPath = /bin/sh;
			shellScript = "diff \"${PODS_ROOT}/../Podfile.lock\" \"${PODS_ROOT}/Manifest.lock\" > /dev/null\nif [[ $? != 0 ]] ; then\n    cat << EOM\nerror: The sandbox is not in sync with the Podfile.lock. Run 'pod install' or update your CocoaPods installation.\nEOM\n    exit 1\nfi\n";
			showEnvVarsInLog = 0;
		};
/* End PBXShellScriptBuildPhase section */

/* Begin PBXSourcesBuildPhase section */
		D5E8EBD11B1B364A00659ABE /* Sources */ = {
			isa = PBXSourcesBuildPhase;
			buildActionMask = 2147483647;
			files = (
				D5E8EBDD1B1B364A00659ABE /* ActivitesViewController.swift in Sources */,
				D5E181FE1B1D967300FBEAEA /* Constants.swift in Sources */,
				D55FA0761B1B526400984662 /* GalleryCreateController.swift in Sources */,
				D55FA0811B1C769F00984662 /* ImageLoader.swift in Sources */,
				D51B41431B1EEEDD003760DA /* MenuController.swift in Sources */,
				D5E8EBFB1B1B38DA00659ABE /* ActivityCell.swift in Sources */,
				D55FA07F1B1C742000984662 /* GalleryCell.swift in Sources */,
				D51B41471B1F0055003760DA /* Utility.swift in Sources */,
				D55FA0781B1B52AF00984662 /* GalleryIndexController.swift in Sources */,
				D5E8EBDB1B1B364A00659ABE /* AppDelegate.swift in Sources */,
				D55FA07C1B1BB6BE00984662 /* LoginController.swift in Sources */,
				D55FA0741B1B4F0B00984662 /* ActivityShowController.swift in Sources */,
				D55FA07A1B1B6B3800984662 /* ContentViewController.swift in Sources */,
			);
			runOnlyForDeploymentPostprocessing = 0;
		};
		D5E8EBE61B1B364A00659ABE /* Sources */ = {
			isa = PBXSourcesBuildPhase;
			buildActionMask = 2147483647;
			files = (
				D5E8EBF11B1B364A00659ABE /* pippopactivitiesTests.swift in Sources */,
			);
			runOnlyForDeploymentPostprocessing = 0;
		};
/* End PBXSourcesBuildPhase section */

/* Begin PBXTargetDependency section */
		D5E8EBEC1B1B364A00659ABE /* PBXTargetDependency */ = {
			isa = PBXTargetDependency;
			target = D5E8EBD41B1B364A00659ABE /* pippopactivities */;
			targetProxy = D5E8EBEB1B1B364A00659ABE /* PBXContainerItemProxy */;
		};
/* End PBXTargetDependency section */

/* Begin PBXVariantGroup section */
		D5E8EBE31B1B364A00659ABE /* LaunchScreen.xib */ = {
			isa = PBXVariantGroup;
			children = (
				D5E8EBE41B1B364A00659ABE /* Base */,
			);
			name = LaunchScreen.xib;
			sourceTree = "<group>";
		};
/* End PBXVariantGroup section */

/* Begin XCBuildConfiguration section */
		D5E8EBF21B1B364A00659ABE /* Debug */ = {
			isa = XCBuildConfiguration;
			buildSettings = {
				ALWAYS_SEARCH_USER_PATHS = NO;
				CLANG_CXX_LANGUAGE_STANDARD = "gnu++0x";
				CLANG_CXX_LIBRARY = "libc++";
				CLANG_ENABLE_MODULES = YES;
				CLANG_ENABLE_OBJC_ARC = YES;
				CLANG_WARN_BOOL_CONVERSION = YES;
				CLANG_WARN_CONSTANT_CONVERSION = YES;
				CLANG_WARN_DIRECT_OBJC_ISA_USAGE = YES_ERROR;
				CLANG_WARN_EMPTY_BODY = YES;
				CLANG_WARN_ENUM_CONVERSION = YES;
				CLANG_WARN_INT_CONVERSION = YES;
				CLANG_WARN_OBJC_ROOT_CLASS = YES_ERROR;
				CLANG_WARN_UNREACHABLE_CODE = YES;
				CLANG_WARN__DUPLICATE_METHOD_MATCH = YES;
				"CODE_SIGN_IDENTITY[sdk=iphoneos*]" = "iPhone Developer";
				COPY_PHASE_STRIP = NO;
				DEBUG_INFORMATION_FORMAT = "dwarf-with-dsym";
				ENABLE_STRICT_OBJC_MSGSEND = YES;
				GCC_C_LANGUAGE_STANDARD = gnu99;
				GCC_DYNAMIC_NO_PIC = NO;
				GCC_NO_COMMON_BLOCKS = YES;
				GCC_OPTIMIZATION_LEVEL = 0;
				GCC_PREPROCESSOR_DEFINITIONS = (
					"DEBUG=1",
					"$(inherited)",
				);
				GCC_SYMBOLS_PRIVATE_EXTERN = NO;
				GCC_WARN_64_TO_32_BIT_CONVERSION = YES;
				GCC_WARN_ABOUT_RETURN_TYPE = YES_ERROR;
				GCC_WARN_UNDECLARED_SELECTOR = YES;
				GCC_WARN_UNINITIALIZED_AUTOS = YES_AGGRESSIVE;
				GCC_WARN_UNUSED_FUNCTION = YES;
				GCC_WARN_UNUSED_VARIABLE = YES;
				IPHONEOS_DEPLOYMENT_TARGET = 8.3;
				MTL_ENABLE_DEBUG_INFO = YES;
				ONLY_ACTIVE_ARCH = YES;
				SDKROOT = iphoneos;
				SWIFT_OPTIMIZATION_LEVEL = "-Onone";
				TARGETED_DEVICE_FAMILY = "1,2";
			};
			name = Debug;
		};
		D5E8EBF31B1B364A00659ABE /* Release */ = {
			isa = XCBuildConfiguration;
			buildSettings = {
				ALWAYS_SEARCH_USER_PATHS = NO;
				CLANG_CXX_LANGUAGE_STANDARD = "gnu++0x";
				CLANG_CXX_LIBRARY = "libc++";
				CLANG_ENABLE_MODULES = YES;
				CLANG_ENABLE_OBJC_ARC = YES;
				CLANG_WARN_BOOL_CONVERSION = YES;
				CLANG_WARN_CONSTANT_CONVERSION = YES;
				CLANG_WARN_DIRECT_OBJC_ISA_USAGE = YES_ERROR;
				CLANG_WARN_EMPTY_BODY = YES;
				CLANG_WARN_ENUM_CONVERSION = YES;
				CLANG_WARN_INT_CONVERSION = YES;
				CLANG_WARN_OBJC_ROOT_CLASS = YES_ERROR;
				CLANG_WARN_UNREACHABLE_CODE = YES;
				CLANG_WARN__DUPLICATE_METHOD_MATCH = YES;
				"CODE_SIGN_IDENTITY[sdk=iphoneos*]" = "iPhone Developer";
				COPY_PHASE_STRIP = NO;
				DEBUG_INFORMATION_FORMAT = "dwarf-with-dsym";
				ENABLE_NS_ASSERTIONS = NO;
				ENABLE_STRICT_OBJC_MSGSEND = YES;
				GCC_C_LANGUAGE_STANDARD = gnu99;
				GCC_NO_COMMON_BLOCKS = YES;
				GCC_WARN_64_TO_32_BIT_CONVERSION = YES;
				GCC_WARN_ABOUT_RETURN_TYPE = YES_ERROR;
				GCC_WARN_UNDECLARED_SELECTOR = YES;
				GCC_WARN_UNINITIALIZED_AUTOS = YES_AGGRESSIVE;
				GCC_WARN_UNUSED_FUNCTION = YES;
				GCC_WARN_UNUSED_VARIABLE = YES;
				IPHONEOS_DEPLOYMENT_TARGET = 8.3;
				MTL_ENABLE_DEBUG_INFO = NO;
				SDKROOT = iphoneos;
				TARGETED_DEVICE_FAMILY = "1,2";
				VALIDATE_PRODUCT = YES;
			};
			name = Release;
		};
		D5E8EBF51B1B364A00659ABE /* Debug */ = {
			isa = XCBuildConfiguration;
			baseConfigurationReference = B90EA09617C7D6D574954F8B /* Pods-pippopactivities.debug.xcconfig */;
			buildSettings = {
				ASSETCATALOG_COMPILER_APPICON_NAME = AppIcon;
				INFOPLIST_FILE = pippopactivities/Info.plist;
				IPHONEOS_DEPLOYMENT_TARGET = 7.0;
				LD_RUNPATH_SEARCH_PATHS = "$(inherited) @executable_path/Frameworks";
				PRODUCT_NAME = "$(TARGET_NAME)";
				SWIFT_OBJC_BRIDGING_HEADER = "pippopactivities/s3-Bridging-Header.h";
				TARGETED_DEVICE_FAMILY = 2;
			};
			name = Debug;
		};
		D5E8EBF61B1B364A00659ABE /* Release */ = {
			isa = XCBuildConfiguration;
			baseConfigurationReference = 25086F074BEEE4175C100D07 /* Pods-pippopactivities.release.xcconfig */;
			buildSettings = {
				ASSETCATALOG_COMPILER_APPICON_NAME = AppIcon;
				INFOPLIST_FILE = pippopactivities/Info.plist;
				IPHONEOS_DEPLOYMENT_TARGET = 7.0;
				LD_RUNPATH_SEARCH_PATHS = "$(inherited) @executable_path/Frameworks";
				PRODUCT_NAME = "$(TARGET_NAME)";
				SWIFT_OBJC_BRIDGING_HEADER = "pippopactivities/s3-Bridging-Header.h";
				TARGETED_DEVICE_FAMILY = 2;
			};
			name = Release;
		};
		D5E8EBF81B1B364A00659ABE /* Debug */ = {
			isa = XCBuildConfiguration;
			buildSettings = {
				BUNDLE_LOADER = "$(TEST_HOST)";
				FRAMEWORK_SEARCH_PATHS = (
					"$(SDKROOT)/Developer/Library/Frameworks",
					"$(inherited)",
				);
				GCC_PREPROCESSOR_DEFINITIONS = (
					"DEBUG=1",
					"$(inherited)",
				);
				INFOPLIST_FILE = pippopactivitiesTests/Info.plist;
				LD_RUNPATH_SEARCH_PATHS = "$(inherited) @executable_path/Frameworks @loader_path/Frameworks";
				PRODUCT_NAME = "$(TARGET_NAME)";
				TEST_HOST = "$(BUILT_PRODUCTS_DIR)/pippopactivities.app/pippopactivities";
			};
			name = Debug;
		};
		D5E8EBF91B1B364A00659ABE /* Release */ = {
			isa = XCBuildConfiguration;
			buildSettings = {
				BUNDLE_LOADER = "$(TEST_HOST)";
				FRAMEWORK_SEARCH_PATHS = (
					"$(SDKROOT)/Developer/Library/Frameworks",
					"$(inherited)",
				);
				INFOPLIST_FILE = pippopactivitiesTests/Info.plist;
				LD_RUNPATH_SEARCH_PATHS = "$(inherited) @executable_path/Frameworks @loader_path/Frameworks";
				PRODUCT_NAME = "$(TARGET_NAME)";
				TEST_HOST = "$(BUILT_PRODUCTS_DIR)/pippopactivities.app/pippopactivities";
			};
			name = Release;
		};
/* End XCBuildConfiguration section */

/* Begin XCConfigurationList section */
		D5E8EBD01B1B364A00659ABE /* Build configuration list for PBXProject "pippopactivities" */ = {
			isa = XCConfigurationList;
			buildConfigurations = (
				D5E8EBF21B1B364A00659ABE /* Debug */,
				D5E8EBF31B1B364A00659ABE /* Release */,
			);
			defaultConfigurationIsVisible = 0;
			defaultConfigurationName = Release;
		};
		D5E8EBF41B1B364A00659ABE /* Build configuration list for PBXNativeTarget "pippopactivities" */ = {
			isa = XCConfigurationList;
			buildConfigurations = (
				D5E8EBF51B1B364A00659ABE /* Debug */,
				D5E8EBF61B1B364A00659ABE /* Release */,
			);
			defaultConfigurationIsVisible = 0;
			defaultConfigurationName = Release;
		};
		D5E8EBF71B1B364A00659ABE /* Build configuration list for PBXNativeTarget "pippopactivitiesTests" */ = {
			isa = XCConfigurationList;
			buildConfigurations = (
				D5E8EBF81B1B364A00659ABE /* Debug */,
				D5E8EBF91B1B364A00659ABE /* Release */,
			);
			defaultConfigurationIsVisible = 0;
			defaultConfigurationName = Release;
		};
/* End XCConfigurationList section */
	};
	rootObject = D5E8EBCD1B1B364A00659ABE /* Project object */;
}
